
Microsoft Visual Studio Solution File, Format Version 12.00
# Visual Studio Version 16
VisualStudioVersion = 16.0.30413.136
MinimumVisualStudioVersion = 10.0.40219.1
Project("{FAE04EC0-301F-11D3-BF4B-00C04F79EFBC}") = "Tripstrapstrull.Android", "Tripstrapstrull.Android\Tripstrapstrull.Android.csproj", "{678C2693-C529-45EA-A2F1-3301AB0579BE}"
EndProject
Project("{FAE04EC0-301F-11D3-BF4B-00C04F79EFBC}") = "Tripstrapstrull", "Tripstrapstrull\Tripstrapstrull.csproj", "{7860BCD3-B3E4-4DE9-BD2A-8B5D24054630}"
EndProject
Global
	GlobalSection(SolutionConfigurationPlatforms) = preSolution
		Debug|Any CPU = Debug|Any CPU
		Release|Any CPU = Release|Any CPU
	EndGlobalSection
	GlobalSection(ProjectConfigurationPlatforms) = postSolution
		{678C2693-C529-45EA-A2F1-3301AB0579BE}.Debug|Any CPU.ActiveCfg = Debug|Any CPU
		{678C2693-C529-45EA-A2F1-3301AB0579BE}.Debug|Any CPU.Build.0 = Debug|Any CPU
		{678C2693-C529-45EA-A2F1-3301AB0579BE}.Debug|Any CPU.Deploy.0 = Debug|Any CPU
		{678C2693-C529-45EA-A2F1-3301AB0579BE}.Release|Any CPU.ActiveCfg = Release|Any CPU
		{678C2693-C529-45EA-A2F1-3301AB0579BE}.Release|Any CPU.Build.0 = Release|Any CPU
		{678C2693-C529-45EA-A2F1-3301AB0579BE}.Release|Any CPU.Deploy.0 = Release|Any CPU
		{7860BCD3-B3E4-4DE9-BD2A-8B5D24054630}.Debug|Any CPU.ActiveCfg = Debug|Any CPU
		{7860BCD3-B3E4-4DE9-BD2A-8B5D24054630}.Debug|Any CPU.Build.0 = Debug|Any CPU
		{7860BCD3-B3E4-4DE9-BD2A-8B5D24054630}.Debug|Any CPU.Deploy.0 = Debug|Any CPU
		{7860BCD3-B3E4-4DE9-BD2A-8B5D24054630}.Release|Any CPU.ActiveCfg = Release|Any CPU
		{7860BCD3-B3E4-4DE9-BD2A-8B5D24054630}.Release|Any CPU.Build.0 = Release|Any CPU
		{7860BCD3-B3E4-4DE9-BD2A-8B5D24054630}.Release|Any CPU.Deploy.0 = Release|Any CPU
	EndGlobalSection
	GlobalSection(SolutionProperties) = preSolution
		HideSolutionNode = FALSE
	EndGlobalSection
	GlobalSection(ExtensibilityGlobals) = postSolution
		SolutionGuid = {6055631B-71FA-4BEE-A9A9-303496F72BDD}
	EndGlobalSection
EndGlobal
